// !$*UTF8*$!
{
	archiveVersion = 1;
	classes = {
	};
	objectVersion = 55;
	objects = {

/* Begin PBXBuildFile section */
		873C90642888813D00F52499 /* Fleet_List_IIApp.swift in Sources */ = {isa = PBXBuildFile; fileRef = 873C90632888813D00F52499 /* Fleet_List_IIApp.swift */; };
		873C90682888813F00F52499 /* Assets.xcassets in Resources */ = {isa = PBXBuildFile; fileRef = 873C90672888813F00F52499 /* Assets.xcassets */; };
		873C906C2888813F00F52499 /* Preview Assets.xcassets in Resources */ = {isa = PBXBuildFile; fileRef = 873C906B2888813F00F52499 /* Preview Assets.xcassets */; };
		873C90732888823F00F52499 /* AppView.swift in Sources */ = {isa = PBXBuildFile; fileRef = 873C90722888823F00F52499 /* AppView.swift */; };
		873C90752888827600F52499 /* LaunchView.swift in Sources */ = {isa = PBXBuildFile; fileRef = 873C90742888827600F52499 /* LaunchView.swift */; };
		873C9077288882DA00F52499 /* AirlineListView.swift in Sources */ = {isa = PBXBuildFile; fileRef = 873C9076288882DA00F52499 /* AirlineListView.swift */; };
		873C9079288882F400F52499 /* AircraftListView.swift in Sources */ = {isa = PBXBuildFile; fileRef = 873C9078288882F400F52499 /* AircraftListView.swift */; };
		873C907B2888844900F52499 /* AirlineFleetView.swift in Sources */ = {isa = PBXBuildFile; fileRef = 873C907A2888844900F52499 /* AirlineFleetView.swift */; };
		873C907D2888846400F52499 /* AircraftView.swift in Sources */ = {isa = PBXBuildFile; fileRef = 873C907C2888846400F52499 /* AircraftView.swift */; };
		873C907F2888846F00F52499 /* AirlineView.swift in Sources */ = {isa = PBXBuildFile; fileRef = 873C907E2888846F00F52499 /* AirlineView.swift */; };
		873C9081288884A700F52499 /* DataFetch&Save.swift in Sources */ = {isa = PBXBuildFile; fileRef = 873C9080288884A700F52499 /* DataFetch&Save.swift */; };
		87564D582891BA4F004E3C3A /* SettingsView.swift in Sources */ = {isa = PBXBuildFile; fileRef = 87564D572891BA4F004E3C3A /* SettingsView.swift */; };
/* End PBXBuildFile section */

/* Begin PBXFileReference section */
		873C90602888813D00F52499 /* Fleet List II.app */ = {isa = PBXFileReference; explicitFileType = wrapper.application; includeInIndex = 0; path = "Fleet List II.app"; sourceTree = BUILT_PRODUCTS_DIR; };
		873C90632888813D00F52499 /* Fleet_List_IIApp.swift */ = {isa = PBXFileReference; lastKnownFileType = sourcecode.swift; path = Fleet_List_IIApp.swift; sourceTree = "<group>"; };
		873C90672888813F00F52499 /* Assets.xcassets */ = {isa = PBXFileReference; lastKnownFileType = folder.assetcatalog; path = Assets.xcassets; sourceTree = "<group>"; };
		873C90692888813F00F52499 /* Fleet_List_II.entitlements */ = {isa = PBXFileReference; lastKnownFileType = text.plist.entitlements; path = Fleet_List_II.entitlements; sourceTree = "<group>"; };
		873C906B2888813F00F52499 /* Preview Assets.xcassets */ = {isa = PBXFileReference; lastKnownFileType = folder.assetcatalog; path = "Preview Assets.xcassets"; sourceTree = "<group>"; };
		873C90722888823F00F52499 /* AppView.swift */ = {isa = PBXFileReference; lastKnownFileType = sourcecode.swift; path = AppView.swift; sourceTree = "<group>"; };
		873C90742888827600F52499 /* LaunchView.swift */ = {isa = PBXFileReference; lastKnownFileType = sourcecode.swift; path = LaunchView.swift; sourceTree = "<group>"; };
		873C9076288882DA00F52499 /* AirlineListView.swift */ = {isa = PBXFileReference; lastKnownFileType = sourcecode.swift; path = AirlineListView.swift; sourceTree = "<group>"; };
		873C9078288882F400F52499 /* AircraftListView.swift */ = {isa = PBXFileReference; lastKnownFileType = sourcecode.swift; path = AircraftListView.swift; sourceTree = "<group>"; };
		873C907A2888844900F52499 /* AirlineFleetView.swift */ = {isa = PBXFileReference; lastKnownFileType = sourcecode.swift; path = AirlineFleetView.swift; sourceTree = "<group>"; };
		873C907C2888846400F52499 /* AircraftView.swift */ = {isa = PBXFileReference; lastKnownFileType = sourcecode.swift; path = AircraftView.swift; sourceTree = "<group>"; };
		873C907E2888846F00F52499 /* AirlineView.swift */ = {isa = PBXFileReference; lastKnownFileType = sourcecode.swift; path = AirlineView.swift; sourceTree = "<group>"; };
		873C9080288884A700F52499 /* DataFetch&Save.swift */ = {isa = PBXFileReference; lastKnownFileType = sourcecode.swift; path = "DataFetch&Save.swift"; sourceTree = "<group>"; };
		87564D572891BA4F004E3C3A /* SettingsView.swift */ = {isa = PBXFileReference; lastKnownFileType = sourcecode.swift; path = SettingsView.swift; sourceTree = "<group>"; };
/* End PBXFileReference section */

/* Begin PBXFrameworksBuildPhase section */
		873C905D2888813D00F52499 /* Frameworks */ = {
			isa = PBXFrameworksBuildPhase;
			buildActionMask = 2147483647;
			files = (
			);
			runOnlyForDeploymentPostprocessing = 0;
		};
/* End PBXFrameworksBuildPhase section */

/* Begin PBXGroup section */
		873C90572888813D00F52499 = {
			isa = PBXGroup;
			children = (
				873C90622888813D00F52499 /* Fleet List II */,
				873C90612888813D00F52499 /* Products */,
			);
			sourceTree = "<group>";
		};
		873C90612888813D00F52499 /* Products */ = {
			isa = PBXGroup;
			children = (
				873C90602888813D00F52499 /* Fleet List II.app */,
			);
			name = Products;
			sourceTree = "<group>";
		};
		873C90622888813D00F52499 /* Fleet List II */ = {
			isa = PBXGroup;
			children = (
				873C90632888813D00F52499 /* Fleet_List_IIApp.swift */,
				873C90722888823F00F52499 /* AppView.swift */,
				873C90742888827600F52499 /* LaunchView.swift */,
				873C9076288882DA00F52499 /* AirlineListView.swift */,
				873C907A2888844900F52499 /* AirlineFleetView.swift */,
				873C9078288882F400F52499 /* AircraftListView.swift */,
				873C907E2888846F00F52499 /* AirlineView.swift */,
				873C907C2888846400F52499 /* AircraftView.swift */,
				873C9080288884A700F52499 /* DataFetch&Save.swift */,
				87564D572891BA4F004E3C3A /* SettingsView.swift */,
				873C90672888813F00F52499 /* Assets.xcassets */,
				873C90692888813F00F52499 /* Fleet_List_II.entitlements */,
				873C906A2888813F00F52499 /* Preview Content */,
			);
			path = "Fleet List II";
			sourceTree = "<group>";
		};
		873C906A2888813F00F52499 /* Preview Content */ = {
			isa = PBXGroup;
			children = (
				873C906B2888813F00F52499 /* Preview Assets.xcassets */,
			);
			path = "Preview Content";
			sourceTree = "<group>";
		};
/* End PBXGroup section */

/* Begin PBXNativeTarget section */
		873C905F2888813D00F52499 /* Fleet List II */ = {
			isa = PBXNativeTarget;
			buildConfigurationList = 873C906F2888813F00F52499 /* Build configuration list for PBXNativeTarget "Fleet List II" */;
			buildPhases = (
				873C905C2888813D00F52499 /* Sources */,
				873C905D2888813D00F52499 /* Frameworks */,
				873C905E2888813D00F52499 /* Resources */,
			);
			buildRules = (
			);
			dependencies = (
			);
			name = "Fleet List II";
			productName = "Fleet List II";
			productReference = 873C90602888813D00F52499 /* Fleet List II.app */;
			productType = "com.apple.product-type.application";
		};
/* End PBXNativeTarget section */

/* Begin PBXProject section */
		873C90582888813D00F52499 /* Project object */ = {
			isa = PBXProject;
			attributes = {
				BuildIndependentTargetsInParallel = 1;
				LastSwiftUpdateCheck = 1400;
				LastUpgradeCheck = 1400;
				TargetAttributes = {
					873C905F2888813D00F52499 = {
						CreatedOnToolsVersion = 14.0;
					};
				};
			};
			buildConfigurationList = 873C905B2888813D00F52499 /* Build configuration list for PBXProject "Fleet List II" */;
			compatibilityVersion = "Xcode 13.0";
			developmentRegion = en;
			hasScannedForEncodings = 0;
			knownRegions = (
				en,
				Base,
			);
			mainGroup = 873C90572888813D00F52499;
			productRefGroup = 873C90612888813D00F52499 /* Products */;
			projectDirPath = "";
			projectRoot = "";
			targets = (
				873C905F2888813D00F52499 /* Fleet List II */,
			);
		};
/* End PBXProject section */

/* Begin PBXResourcesBuildPhase section */
		873C905E2888813D00F52499 /* Resources */ = {
			isa = PBXResourcesBuildPhase;
			buildActionMask = 2147483647;
			files = (
				873C906C2888813F00F52499 /* Preview Assets.xcassets in Resources */,
				873C90682888813F00F52499 /* Assets.xcassets in Resources */,
			);
			runOnlyForDeploymentPostprocessing = 0;
		};
/* End PBXResourcesBuildPhase section */

/* Begin PBXSourcesBuildPhase section */
		873C905C2888813D00F52499 /* Sources */ = {
			isa = PBXSourcesBuildPhase;
			buildActionMask = 2147483647;
			files = (
				873C9079288882F400F52499 /* AircraftListView.swift in Sources */,
				873C90642888813D00F52499 /* Fleet_List_IIApp.swift in Sources */,
				873C907B2888844900F52499 /* AirlineFleetView.swift in Sources */,
				873C907F2888846F00F52499 /* AirlineView.swift in Sources */,
				873C90752888827600F52499 /* LaunchView.swift in Sources */,
				87564D582891BA4F004E3C3A /* SettingsView.swift in Sources */,
				873C90732888823F00F52499 /* AppView.swift in Sources */,
				873C907D2888846400F52499 /* AircraftView.swift in Sources */,
				873C9081288884A700F52499 /* DataFetch&Save.swift in Sources */,
				873C9077288882DA00F52499 /* AirlineListView.swift in Sources */,
			);
			runOnlyForDeploymentPostprocessing = 0;
		};
/* End PBXSourcesBuildPhase section */

/* Begin XCBuildConfiguration section */
		873C906D2888813F00F52499 /* Debug */ = {
			isa = XCBuildConfiguration;
			buildSettings = {
				ALWAYS_SEARCH_USER_PATHS = NO;
				CLANG_ANALYZER_NONNULL = YES;
				CLANG_ANALYZER_NUMBER_OBJECT_CONVERSION = YES_AGGRESSIVE;
				CLANG_CXX_LANGUAGE_STANDARD = "gnu++20";
				CLANG_ENABLE_MODULES = YES;
				CLANG_ENABLE_OBJC_ARC = YES;
				CLANG_ENABLE_OBJC_WEAK = YES;
				CLANG_WARN_BLOCK_CAPTURE_AUTORELEASING = YES;
				CLANG_WARN_BOOL_CONVERSION = YES;
				CLANG_WARN_COMMA = YES;
				CLANG_WARN_CONSTANT_CONVERSION = YES;
				CLANG_WARN_DEPRECATED_OBJC_IMPLEMENTATIONS = YES;
				CLANG_WARN_DIRECT_OBJC_ISA_USAGE = YES_ERROR;
				CLANG_WARN_DOCUMENTATION_COMMENTS = YES;
				CLANG_WARN_EMPTY_BODY = YES;
				CLANG_WARN_ENUM_CONVERSION = YES;
				CLANG_WARN_INFINITE_RECURSION = YES;
				CLANG_WARN_INT_CONVERSION = YES;
				CLANG_WARN_NON_LITERAL_NULL_CONVERSION = YES;
				CLANG_WARN_OBJC_IMPLICIT_RETAIN_SELF = YES;
				CLANG_WARN_OBJC_LITERAL_CONVERSION = YES;
				CLANG_WARN_OBJC_ROOT_CLASS = YES_ERROR;
				CLANG_WARN_QUOTED_INCLUDE_IN_FRAMEWORK_HEADER = YES;
				CLANG_WARN_RANGE_LOOP_ANALYSIS = YES;
				CLANG_WARN_STRICT_PROTOTYPES = YES;
				CLANG_WARN_SUSPICIOUS_MOVE = YES;
				CLANG_WARN_UNGUARDED_AVAILABILITY = YES_AGGRESSIVE;
				CLANG_WARN_UNREACHABLE_CODE = YES;
				CLANG_WARN__DUPLICATE_METHOD_MATCH = YES;
				COPY_PHASE_STRIP = NO;
				DEBUG_INFORMATION_FORMAT = dwarf;
				ENABLE_STRICT_OBJC_MSGSEND = YES;
				ENABLE_TESTABILITY = YES;
				GCC_C_LANGUAGE_STANDARD = gnu11;
				GCC_DYNAMIC_NO_PIC = NO;
				GCC_NO_COMMON_BLOCKS = YES;
				GCC_OPTIMIZATION_LEVEL = 0;
				GCC_PREPROCESSOR_DEFINITIONS = (
					"DEBUG=1",
					"$(inherited)",
				);
				GCC_WARN_64_TO_32_BIT_CONVERSION = YES;
				GCC_WARN_ABOUT_RETURN_TYPE = YES_ERROR;
				GCC_WARN_UNDECLARED_SELECTOR = YES;
				GCC_WARN_UNINITIALIZED_AUTOS = YES_AGGRESSIVE;
				GCC_WARN_UNUSED_FUNCTION = YES;
				GCC_WARN_UNUSED_VARIABLE = YES;
				MTL_ENABLE_DEBUG_INFO = INCLUDE_SOURCE;
				MTL_FAST_MATH = YES;
				ONLY_ACTIVE_ARCH = YES;
				SWIFT_ACTIVE_COMPILATION_CONDITIONS = DEBUG;
				SWIFT_OPTIMIZATION_LEVEL = "-Onone";
			};
			name = Debug;
		};
		873C906E2888813F00F52499 /* Release */ = {
			isa = XCBuildConfiguration;
			buildSettings = {
				ALWAYS_SEARCH_USER_PATHS = NO;
				CLANG_ANALYZER_NONNULL = YES;
				CLANG_ANALYZER_NUMBER_OBJECT_CONVERSION = YES_AGGRESSIVE;
				CLANG_CXX_LANGUAGE_STANDARD = "gnu++20";
				CLANG_ENABLE_MODULES = YES;
				CLANG_ENABLE_OBJC_ARC = YES;
				CLANG_ENABLE_OBJC_WEAK = YES;
				CLANG_WARN_BLOCK_CAPTURE_AUTORELEASING = YES;
				CLANG_WARN_BOOL_CONVERSION = YES;
				CLANG_WARN_COMMA = YES;
				CLANG_WARN_CONSTANT_CONVERSION = YES;
				CLANG_WARN_DEPRECATED_OBJC_IMPLEMENTATIONS = YES;
				CLANG_WARN_DIRECT_OBJC_ISA_USAGE = YES_ERROR;
				CLANG_WARN_DOCUMENTATION_COMMENTS = YES;
				CLANG_WARN_EMPTY_BODY = YES;
				CLANG_WARN_ENUM_CONVERSION = YES;
				CLANG_WARN_INFINITE_RECURSION = YES;
				CLANG_WARN_INT_CONVERSION = YES;
				CLANG_WARN_NON_LITERAL_NULL_CONVERSION = YES;
				CLANG_WARN_OBJC_IMPLICIT_RETAIN_SELF = YES;
				CLANG_WARN_OBJC_LITERAL_CONVERSION = YES;
				CLANG_WARN_OBJC_ROOT_CLASS = YES_ERROR;
				CLANG_WARN_QUOTED_INCLUDE_IN_FRAMEWORK_HEADER = YES;
				CLANG_WARN_RANGE_LOOP_ANALYSIS = YES;
				CLANG_WARN_STRICT_PROTOTYPES = YES;
				CLANG_WARN_SUSPICIOUS_MOVE = YES;
				CLANG_WARN_UNGUARDED_AVAILABILITY = YES_AGGRESSIVE;
				CLANG_WARN_UNREACHABLE_CODE = YES;
				CLANG_WARN__DUPLICATE_METHOD_MATCH = YES;
				COPY_PHASE_STRIP = NO;
				DEBUG_INFORMATION_FORMAT = "dwarf-with-dsym";
				ENABLE_NS_ASSERTIONS = NO;
				ENABLE_STRICT_OBJC_MSGSEND = YES;
				GCC_C_LANGUAGE_STANDARD = gnu11;
				GCC_NO_COMMON_BLOCKS = YES;
				GCC_WARN_64_TO_32_BIT_CONVERSION = YES;
				GCC_WARN_ABOUT_RETURN_TYPE = YES_ERROR;
				GCC_WARN_UNDECLARED_SELECTOR = YES;
				GCC_WARN_UNINITIALIZED_AUTOS = YES_AGGRESSIVE;
				GCC_WARN_UNUSED_FUNCTION = YES;
				GCC_WARN_UNUSED_VARIABLE = YES;
				MTL_ENABLE_DEBUG_INFO = NO;
				MTL_FAST_MATH = YES;
				SWIFT_COMPILATION_MODE = wholemodule;
				SWIFT_OPTIMIZATION_LEVEL = "-O";
			};
			name = Release;
		};
		873C90702888813F00F52499 /* Debug */ = {
			isa = XCBuildConfiguration;
			buildSettings = {
				ASSETCATALOG_COMPILER_APPICON_NAME = AppIcon;
				ASSETCATALOG_COMPILER_GLOBAL_ACCENT_COLOR_NAME = AccentColor;
				CODE_SIGN_ENTITLEMENTS = "Fleet List II/Fleet_List_II.entitlements";
				CODE_SIGN_IDENTITY = "Apple Development";
				"CODE_SIGN_IDENTITY[sdk=macosx*]" = "Apple Development";
				CODE_SIGN_STYLE = Automatic;
				CURRENT_PROJECT_VERSION = 1;
				DEVELOPMENT_ASSET_PATHS = "\"Fleet List II/Preview Content\"";
				DEVELOPMENT_TEAM = 33MAXP8MNQ;
				ENABLE_HARDENED_RUNTIME = YES;
				ENABLE_PREVIEWS = YES;
				GENERATE_INFOPLIST_FILE = YES;
				INFOPLIST_FILE = "Fleet-List-II-Info.plist";
				INFOPLIST_KEY_UIApplicationSceneManifest_Generation = YES;
				"INFOPLIST_KEY_UIApplicationSceneManifest_Generation[sdk=iphoneos*]" = YES;
				"INFOPLIST_KEY_UIApplicationSceneManifest_Generation[sdk=iphonesimulator*]" = YES;
				INFOPLIST_KEY_UIApplicationSupportsIndirectInputEvents = YES;
				"INFOPLIST_KEY_UIApplicationSupportsIndirectInputEvents[sdk=iphoneos*]" = YES;
				"INFOPLIST_KEY_UIApplicationSupportsIndirectInputEvents[sdk=iphonesimulator*]" = YES;
				INFOPLIST_KEY_UILaunchScreen_Generation = YES;
				"INFOPLIST_KEY_UILaunchScreen_Generation[sdk=iphoneos*]" = YES;
				"INFOPLIST_KEY_UILaunchScreen_Generation[sdk=iphonesimulator*]" = YES;
				INFOPLIST_KEY_UIRequiresFullScreen = YES;
				INFOPLIST_KEY_UISupportedInterfaceOrientations = UIInterfaceOrientationPortrait;
				INFOPLIST_KEY_UISupportedInterfaceOrientations_iPad = "UIInterfaceOrientationLandscapeLeft UIInterfaceOrientationLandscapeRight UIInterfaceOrientationPortraitUpsideDown";
				IPHONEOS_DEPLOYMENT_TARGET = 15.5;
				LD_RUNPATH_SEARCH_PATHS = "@executable_path/Frameworks";
				"LD_RUNPATH_SEARCH_PATHS[sdk=macosx*]" = "@executable_path/../Frameworks";
				MACOSX_DEPLOYMENT_TARGET = 12.3;
				MARKETING_VERSION = 1.0;
				PRODUCT_BUNDLE_IDENTIFIER = "com.jasonkoehn.Fleet-List-II";
				PRODUCT_NAME = "$(TARGET_NAME)";
				PROVISIONING_PROFILE_SPECIFIER = "";
				SDKROOT = iphoneos;
				SUPPORTED_PLATFORMS = "iphoneos iphonesimulator macosx";
				SWIFT_EMIT_LOC_STRINGS = YES;
				SWIFT_VERSION = 5.0;
				TARGETED_DEVICE_FAMILY = "1,2";
			};
			name = Debug;
		};
		873C90712888813F00F52499 /* Release */ = {
			isa = XCBuildConfiguration;
			buildSettings = {
				ASSETCATALOG_COMPILER_APPICON_NAME = AppIcon;
				ASSETCATALOG_COMPILER_GLOBAL_ACCENT_COLOR_NAME = AccentColor;
				CODE_SIGN_ENTITLEMENTS = "Fleet List II/Fleet_List_II.entitlements";
				CODE_SIGN_IDENTITY = "Apple Development";
				"CODE_SIGN_IDENTITY[sdk=macosx*]" = "Apple Development";
				CODE_SIGN_STYLE = Automatic;
				CURRENT_PROJECT_VERSION = 1;
				DEVELOPMENT_ASSET_PATHS = "\"Fleet List II/Preview Content\"";
				DEVELOPMENT_TEAM = 33MAXP8MNQ;
				ENABLE_HARDENED_RUNTIME = YES;
				ENABLE_PREVIEWS = YES;
				GENERATE_INFOPLIST_FILE = YES;
				INFOPLIST_FILE = "Fleet-List-II-Info.plist";
				INFOPLIST_KEY_UIApplicationSceneManifest_Generation = YES;
				"INFOPLIST_KEY_UIApplicationSceneManifest_Generation[sdk=iphoneos*]" = YES;
				"INFOPLIST_KEY_UIApplicationSceneManifest_Generation[sdk=iphonesimulator*]" = YES;
				INFOPLIST_KEY_UIApplicationSupportsIndirectInputEvents = YES;
				"INFOPLIST_KEY_UIApplicationSupportsIndirectInputEvents[sdk=iphoneos*]" = YES;
				"INFOPLIST_KEY_UIApplicationSupportsIndirectInputEvents[sdk=iphonesimulator*]" = YES;
				INFOPLIST_KEY_UILaunchScreen_Generation = YES;
				"INFOPLIST_KEY_UILaunchScreen_Generation[sdk=iphoneos*]" = YES;
				"INFOPLIST_KEY_UILaunchScreen_Generation[sdk=iphonesimulator*]" = YES;
				INFOPLIST_KEY_UIRequiresFullScreen = YES;
				INFOPLIST_KEY_UISupportedInterfaceOrientations = UIInterfaceOrientationPortrait;
				INFOPLIST_KEY_UISupportedInterfaceOrientations_iPad = "UIInterfaceOrientationLandscapeLeft UIInterfaceOrientationLandscapeRight UIInterfaceOrientationPortraitUpsideDown";
				IPHONEOS_DEPLOYMENT_TARGET = 15.5;
				LD_RUNPATH_SEARCH_PATHS = "@executable_path/Frameworks";
				"LD_RUNPATH_SEARCH_PATHS[sdk=macosx*]" = "@executable_path/../Frameworks";
				MACOSX_DEPLOYMENT_TARGET = 12.3;
				MARKETING_VERSION = 1.0;
				PRODUCT_BUNDLE_IDENTIFIER = "com.jasonkoehn.Fleet-List-II";
				PRODUCT_NAME = "$(TARGET_NAME)";
				PROVISIONING_PROFILE_SPECIFIER = "";
				SDKROOT = iphoneos;
				SUPPORTED_PLATFORMS = "iphoneos iphonesimulator macosx";
				SWIFT_EMIT_LOC_STRINGS = YES;
				SWIFT_VERSION = 5.0;
				TARGETED_DEVICE_FAMILY = "1,2";
			};
			name = Release;
		};
/* End XCBuildConfiguration section */

/* Begin XCConfigurationList section */
		873C905B2888813D00F52499 /* Build configuration list for PBXProject "Fleet List II" */ = {
			isa = XCConfigurationList;
			buildConfigurations = (
				873C906D2888813F00F52499 /* Debug */,
				873C906E2888813F00F52499 /* Release */,
			);
			defaultConfigurationIsVisible = 0;
			defaultConfigurationName = Release;
		};
		873C906F2888813F00F52499 /* Build configuration list for PBXNativeTarget "Fleet List II" */ = {
			isa = XCConfigurationList;
			buildConfigurations = (
				873C90702888813F00F52499 /* Debug */,
				873C90712888813F00F52499 /* Release */,
			);
			defaultConfigurationIsVisible = 0;
			defaultConfigurationName = Release;
		};
/* End XCConfigurationList section */
	};
	rootObject = 873C90582888813D00F52499 /* Project object */;
}
